
Microsoft Visual Studio Solution File, Format Version 12.00
# Visual Studio 15
VisualStudioVersion = 15.0.26730.12
MinimumVisualStudioVersion = 10.0.40219.1
Project("{FAE04EC0-301F-11D3-BF4B-00C04F79EFBC}") = "Vault.UI.AdminForm", "Vault.UI.AdminForm\Vault.UI.AdminForm.csproj", "{752E9E3A-4F4D-429E-93DB-D4F2132E8CB0}"
EndProject
Global
	GlobalSection(SolutionConfigurationPlatforms) = preSolution
		Debug|Any CPU = Debug|Any CPU
		Release|Any CPU = Release|Any CPU
	EndGlobalSection
	GlobalSection(ProjectConfigurationPlatforms) = postSolution
		{752E9E3A-4F4D-429E-93DB-D4F2132E8CB0}.Debug|Any CPU.ActiveCfg = Debug|Any CPU
		{752E9E3A-4F4D-429E-93DB-D4F2132E8CB0}.Debug|Any CPU.Build.0 = Debug|Any CPU
		{752E9E3A-4F4D-429E-93DB-D4F2132E8CB0}.Release|Any CPU.ActiveCfg = Release|Any CPU
		{752E9E3A-4F4D-429E-93DB-D4F2132E8CB0}.Release|Any CPU.Build.0 = Release|Any CPU
	EndGlobalSection
	GlobalSection(SolutionProperties) = preSolution
		HideSolutionNode = FALSE
	EndGlobalSection
	GlobalSection(ExtensibilityGlobals) = postSolution
		SolutionGuid = {3F5E4237-5545-4A21-B4DA-0026F607D688}
	EndGlobalSection
EndGlobal
