
Microsoft Visual Studio Solution File, Format Version 12.00
# Visual Studio 15
VisualStudioVersion = 15.0.26730.12
MinimumVisualStudioVersion = 10.0.40219.1
Project("{9A19103F-16F7-4668-BE54-9A1E7A4F7556}") = "Vault.Core.Tests", "Vault.Core.Tests\Vault.Core.Tests.csproj", "{16DF275F-9DD4-4876-933E-06385AB6496B}"
EndProject
Project("{9A19103F-16F7-4668-BE54-9A1E7A4F7556}") = "Vault.Core", "Vault.Core\Vault.Core.csproj", "{D8CE49D4-BBF1-44D5-A392-C41F4E1952FA}"
EndProject
Project("{9A19103F-16F7-4668-BE54-9A1E7A4F7556}") = "Vault.UI.Admin", "Vault.UI.Admin\Vault.UI.Admin.csproj", "{553F2C7C-36D8-4E0D-829B-4A550BF7021B}"
EndProject
Project("{FAE04EC0-301F-11D3-BF4B-00C04F79EFBC}") = "Vault.UI.AdminForm", "Vault.UI.AdminForm\Vault.UI.AdminForm.csproj", "{752E9E3A-4F4D-429E-93DB-D4F2132E8CB0}"
EndProject
Project("{9A19103F-16F7-4668-BE54-9A1E7A4F7556}") = "Vault.UI.AdminRestApi", "Vault.UI.AdminRestApi\Vault.UI.AdminRestApi.csproj", "{ADA17DC0-D29F-42C5-BD8C-2809DF640853}"
EndProject
Project("{FAE04EC0-301F-11D3-BF4B-00C04F79EFBC}") = "Vault.DataBase", "Vault.DataBase\Vault.DataBase.csproj", "{12C7BA69-8A2E-4F5B-BFF7-3CB313B49C74}"
EndProject
Global
	GlobalSection(SolutionConfigurationPlatforms) = preSolution
		Debug|Any CPU = Debug|Any CPU
		Release|Any CPU = Release|Any CPU
	EndGlobalSection
	GlobalSection(ProjectConfigurationPlatforms) = postSolution
		{16DF275F-9DD4-4876-933E-06385AB6496B}.Debug|Any CPU.ActiveCfg = Debug|Any CPU
		{16DF275F-9DD4-4876-933E-06385AB6496B}.Debug|Any CPU.Build.0 = Debug|Any CPU
		{16DF275F-9DD4-4876-933E-06385AB6496B}.Release|Any CPU.ActiveCfg = Release|Any CPU
		{16DF275F-9DD4-4876-933E-06385AB6496B}.Release|Any CPU.Build.0 = Release|Any CPU
		{D8CE49D4-BBF1-44D5-A392-C41F4E1952FA}.Debug|Any CPU.ActiveCfg = Debug|Any CPU
		{D8CE49D4-BBF1-44D5-A392-C41F4E1952FA}.Debug|Any CPU.Build.0 = Debug|Any CPU
		{D8CE49D4-BBF1-44D5-A392-C41F4E1952FA}.Release|Any CPU.ActiveCfg = Release|Any CPU
		{D8CE49D4-BBF1-44D5-A392-C41F4E1952FA}.Release|Any CPU.Build.0 = Release|Any CPU
		{553F2C7C-36D8-4E0D-829B-4A550BF7021B}.Debug|Any CPU.ActiveCfg = Debug|Any CPU
		{553F2C7C-36D8-4E0D-829B-4A550BF7021B}.Debug|Any CPU.Build.0 = Debug|Any CPU
		{553F2C7C-36D8-4E0D-829B-4A550BF7021B}.Release|Any CPU.ActiveCfg = Release|Any CPU
		{553F2C7C-36D8-4E0D-829B-4A550BF7021B}.Release|Any CPU.Build.0 = Release|Any CPU
		{752E9E3A-4F4D-429E-93DB-D4F2132E8CB0}.Debug|Any CPU.ActiveCfg = Debug|Any CPU
		{752E9E3A-4F4D-429E-93DB-D4F2132E8CB0}.Debug|Any CPU.Build.0 = Debug|Any CPU
		{752E9E3A-4F4D-429E-93DB-D4F2132E8CB0}.Release|Any CPU.ActiveCfg = Release|Any CPU
		{752E9E3A-4F4D-429E-93DB-D4F2132E8CB0}.Release|Any CPU.Build.0 = Release|Any CPU
		{ADA17DC0-D29F-42C5-BD8C-2809DF640853}.Debug|Any CPU.ActiveCfg = Debug|Any CPU
		{ADA17DC0-D29F-42C5-BD8C-2809DF640853}.Debug|Any CPU.Build.0 = Debug|Any CPU
		{ADA17DC0-D29F-42C5-BD8C-2809DF640853}.Release|Any CPU.ActiveCfg = Release|Any CPU
		{ADA17DC0-D29F-42C5-BD8C-2809DF640853}.Release|Any CPU.Build.0 = Release|Any CPU
		{12C7BA69-8A2E-4F5B-BFF7-3CB313B49C74}.Debug|Any CPU.ActiveCfg = Debug|Any CPU
		{12C7BA69-8A2E-4F5B-BFF7-3CB313B49C74}.Debug|Any CPU.Build.0 = Debug|Any CPU
		{12C7BA69-8A2E-4F5B-BFF7-3CB313B49C74}.Release|Any CPU.ActiveCfg = Release|Any CPU
		{12C7BA69-8A2E-4F5B-BFF7-3CB313B49C74}.Release|Any CPU.Build.0 = Release|Any CPU
	EndGlobalSection
	GlobalSection(SolutionProperties) = preSolution
		HideSolutionNode = FALSE
	EndGlobalSection
	GlobalSection(ExtensibilityGlobals) = postSolution
		SolutionGuid = {3F5E4237-5545-4A21-B4DA-0026F607D688}
	EndGlobalSection
EndGlobal
